
Microsoft Visual Studio Solution File, Format Version 12.00
# Visual Studio 2012
Project("{FAE04EC0-301F-11D3-BF4B-00C04F79EFBC}") = "ics3u_unit1_day1_helloWorld", "ics3u_unit1_day1_helloWorld\ics3u_unit1_day1_helloWorld.csproj", "{B4B8E9FD-B82B-4DAE-B467-9855E6C8A896}"
EndProject
Global
	GlobalSection(SolutionConfigurationPlatforms) = preSolution
		Debug|Any CPU = Debug|Any CPU
		Release|Any CPU = Release|Any CPU
	EndGlobalSection
	GlobalSection(ProjectConfigurationPlatforms) = postSolution
		{B4B8E9FD-B82B-4DAE-B467-9855E6C8A896}.Debug|Any CPU.ActiveCfg = Debug|Any CPU
		{B4B8E9FD-B82B-4DAE-B467-9855E6C8A896}.Debug|Any CPU.Build.0 = Debug|Any CPU
		{B4B8E9FD-B82B-4DAE-B467-9855E6C8A896}.Release|Any CPU.ActiveCfg = Release|Any CPU
		{B4B8E9FD-B82B-4DAE-B467-9855E6C8A896}.Release|Any CPU.Build.0 = Release|Any CPU
	EndGlobalSection
	GlobalSection(SolutionProperties) = preSolution
		HideSolutionNode = FALSE
	EndGlobalSection
EndGlobal
